
Microsoft Visual Studio Solution File, Format Version 12.00
# Visual Studio 14
VisualStudioVersion = 14.0.25420.1
MinimumVisualStudioVersion = 10.0.40219.1
Project("{FAE04EC0-301F-11D3-BF4B-00C04F79EFBC}") = "StoppableStreams", "StoppableStreams\StoppableStreams.csproj", "{09A2A666-29DA-4040-9CED-1197B40448B9}"
EndProject
Project("{FAE04EC0-301F-11D3-BF4B-00C04F79EFBC}") = "UnitTests", "UnitTests\UnitTests.csproj", "{4FFD9BD0-C0DE-47DE-89E7-CFC5284F38C5}"
EndProject
Global
	GlobalSection(SolutionConfigurationPlatforms) = preSolution
		Debug|Any CPU = Debug|Any CPU
		Release|Any CPU = Release|Any CPU
	EndGlobalSection
	GlobalSection(ProjectConfigurationPlatforms) = postSolution
		{09A2A666-29DA-4040-9CED-1197B40448B9}.Debug|Any CPU.ActiveCfg = Debug|Any CPU
		{09A2A666-29DA-4040-9CED-1197B40448B9}.Debug|Any CPU.Build.0 = Debug|Any CPU
		{09A2A666-29DA-4040-9CED-1197B40448B9}.Release|Any CPU.ActiveCfg = Release|Any CPU
		{09A2A666-29DA-4040-9CED-1197B40448B9}.Release|Any CPU.Build.0 = Release|Any CPU
		{4FFD9BD0-C0DE-47DE-89E7-CFC5284F38C5}.Debug|Any CPU.ActiveCfg = Debug|Any CPU
		{4FFD9BD0-C0DE-47DE-89E7-CFC5284F38C5}.Debug|Any CPU.Build.0 = Debug|Any CPU
		{4FFD9BD0-C0DE-47DE-89E7-CFC5284F38C5}.Release|Any CPU.ActiveCfg = Release|Any CPU
		{4FFD9BD0-C0DE-47DE-89E7-CFC5284F38C5}.Release|Any CPU.Build.0 = Release|Any CPU
	EndGlobalSection
	GlobalSection(SolutionProperties) = preSolution
		HideSolutionNode = FALSE
	EndGlobalSection
EndGlobal
